
Microsoft Visual Studio Solution File, Format Version 12.00
# Visual Studio Version 17
VisualStudioVersion = 17.11.35327.3
MinimumVisualStudioVersion = 10.0.40219.1
Project("{9A19103F-16F7-4668-BE54-9A1E7A4F7556}") = "BingWallPaper.WPF", "BingWallPaper.WPF\BingWallPaper.WPF.csproj", "{90953E36-B48F-4B2B-9381-5B993E7C28EC}"
EndProject
Project("{9A19103F-16F7-4668-BE54-9A1E7A4F7556}") = "BingWallPaper.Server", "BingWallPaper.Server\BingWallPaper.Server.csproj", "{6D2419D8-1C8C-49E3-BAC0-B4488C2AFF0F}"
EndProject
Project("{FAE04EC0-301F-11D3-BF4B-00C04F79EFBC}") = "BingWallPaper.Common", "BingWallPaper.Common\BingWallPaper.Common.csproj", "{7A085B77-3B7A-46BA-8981-B3273A44BD4D}"
EndProject
Global
	GlobalSection(SolutionConfigurationPlatforms) = preSolution
		Debug|Any CPU = Debug|Any CPU
		Release|Any CPU = Release|Any CPU
	EndGlobalSection
	GlobalSection(ProjectConfigurationPlatforms) = postSolution
		{90953E36-B48F-4B2B-9381-5B993E7C28EC}.Debug|Any CPU.ActiveCfg = Debug|Any CPU
		{90953E36-B48F-4B2B-9381-5B993E7C28EC}.Debug|Any CPU.Build.0 = Debug|Any CPU
		{90953E36-B48F-4B2B-9381-5B993E7C28EC}.Release|Any CPU.ActiveCfg = Release|Any CPU
		{90953E36-B48F-4B2B-9381-5B993E7C28EC}.Release|Any CPU.Build.0 = Release|Any CPU
		{6D2419D8-1C8C-49E3-BAC0-B4488C2AFF0F}.Debug|Any CPU.ActiveCfg = Debug|Any CPU
		{6D2419D8-1C8C-49E3-BAC0-B4488C2AFF0F}.Debug|Any CPU.Build.0 = Debug|Any CPU
		{6D2419D8-1C8C-49E3-BAC0-B4488C2AFF0F}.Release|Any CPU.ActiveCfg = Release|Any CPU
		{6D2419D8-1C8C-49E3-BAC0-B4488C2AFF0F}.Release|Any CPU.Build.0 = Release|Any CPU
		{7A085B77-3B7A-46BA-8981-B3273A44BD4D}.Debug|Any CPU.ActiveCfg = Debug|Any CPU
		{7A085B77-3B7A-46BA-8981-B3273A44BD4D}.Debug|Any CPU.Build.0 = Debug|Any CPU
		{7A085B77-3B7A-46BA-8981-B3273A44BD4D}.Release|Any CPU.ActiveCfg = Release|Any CPU
		{7A085B77-3B7A-46BA-8981-B3273A44BD4D}.Release|Any CPU.Build.0 = Release|Any CPU
	EndGlobalSection
	GlobalSection(SolutionProperties) = preSolution
		HideSolutionNode = FALSE
	EndGlobalSection
	GlobalSection(ExtensibilityGlobals) = postSolution
		SolutionGuid = {38969A82-0AA9-48E2-A65F-900FB754128A}
	EndGlobalSection
EndGlobal
