
Microsoft Visual Studio Solution File, Format Version 12.00
# Visual Studio Version 17
VisualStudioVersion = 17.11.35327.3
MinimumVisualStudioVersion = 10.0.40219.1
Project("{FAE04EC0-301F-11D3-BF4B-00C04F79EFBC}") = "BingWallPaper.WPF", "BingWallPaper.WPF\BingWallPaper.WPF.csproj", "{90953E36-B48F-4B2B-9381-5B993E7C28EC}"
EndProject
Global
	GlobalSection(SolutionConfigurationPlatforms) = preSolution
		Debug|Any CPU = Debug|Any CPU
		Release|Any CPU = Release|Any CPU
	EndGlobalSection
	GlobalSection(ProjectConfigurationPlatforms) = postSolution
		{90953E36-B48F-4B2B-9381-5B993E7C28EC}.Debug|Any CPU.ActiveCfg = Debug|Any CPU
		{90953E36-B48F-4B2B-9381-5B993E7C28EC}.Debug|Any CPU.Build.0 = Debug|Any CPU
		{90953E36-B48F-4B2B-9381-5B993E7C28EC}.Release|Any CPU.ActiveCfg = Release|Any CPU
		{90953E36-B48F-4B2B-9381-5B993E7C28EC}.Release|Any CPU.Build.0 = Release|Any CPU
	EndGlobalSection
	GlobalSection(SolutionProperties) = preSolution
		HideSolutionNode = FALSE
	EndGlobalSection
	GlobalSection(ExtensibilityGlobals) = postSolution
		SolutionGuid = {38969A82-0AA9-48E2-A65F-900FB754128A}
	EndGlobalSection
EndGlobal
